version: 7
platforms:
- name: linux-64
- name: linux-aarch64
- name: osx-arm64
- name: win-64
environments:
  default:
    channels:
    - url: https://prefix.dev/glatzel/
    - url: https://conda.anaconda.org/conda-forge/
    packages:
      linux-64:
      - conda: https://prefix.dev/glatzel/linux-64/rattler-build-0.66.1-ha709c6e_0.conda
      linux-aarch64:
      - conda: https://prefix.dev/glatzel/linux-aarch64/rattler-build-0.66.1-h46bec4a_0.conda
      osx-arm64:
      - conda: https://prefix.dev/glatzel/osx-arm64/rattler-build-0.66.1-h45f102e_0.conda
      win-64:
      - conda: https://conda.anaconda.org/conda-forge/win-64/ucrt-10.0.26100.0-h57928b3_0.conda
      - conda: https://conda.anaconda.org/conda-forge/win-64/vc-14.5-h1b7c187_38.conda
      - conda: https://conda.anaconda.org/conda-forge/win-64/vc14_runtime-14.51.36231-h1b9f54f_38.conda
      - conda: https://conda.anaconda.org/conda-forge/win-64/vcomp14-14.51.36231-h1b9f54f_38.conda
      - conda: https://prefix.dev/glatzel/win-64/rattler-build-0.66.1-h4c36245_0.conda
packages:
- conda: https://conda.anaconda.org/conda-forge/win-64/ucrt-10.0.26100.0-h57928b3_0.conda
  sha256: 3005729dce6f3d3f5ec91dfc49fc75a0095f9cd23bab49efb899657297ac91a5
  md5: 71b24316859acd00bdb8b38f5e2ce328
  constrains:
  - vc14_runtime >=14.29.30037
  - vs2015_runtime >=14.29.30037
  license: LicenseRef-MicrosoftWindowsSDK10
  size: 694692
  timestamp: 1756385147981
- conda: https://conda.anaconda.org/conda-forge/win-64/vc-14.5-h1b7c187_38.conda
  sha256: 61b68e5a4fc71a17f8d64b12e013a2f971ad980bd08e9c389d5e68efe1a67de0
  md5: 774568633f3b26d7a4a6dd4f9ea6d3e1
  depends:
  - vc14_runtime >=14.51.36231
  track_features:
  - vc14
  license: BSD-3-Clause
  license_family: BSD
  size: 20187
  timestamp: 1780005880049
- conda: https://conda.anaconda.org/conda-forge/win-64/vc14_runtime-14.51.36231-h1b9f54f_38.conda
  sha256: 957c7c65583c7107a5e76f39756c6361fcb7b0dc101ac7c0aea86e7ca09fe49c
  md5: 2cdcd8ea1010920911bb2eacb4c61227
  depends:
  - ucrt >=10.0.20348.0
  - vcomp14 14.51.36231 h1b9f54f_38
  constrains:
  - vs2015_runtime 14.51.36231.* *_38
  license: LicenseRef-MicrosoftVisualCpp2015-2022Runtime
  license_family: Proprietary
  size: 740997
  timestamp: 1780005875753
- conda: https://conda.anaconda.org/conda-forge/win-64/vcomp14-14.51.36231-h1b9f54f_38.conda
  sha256: c645fdc1f0f47718431d973386e946754a10200e7ba2c32032560913a970cacd
  md5: 63ee70d69d7540e821940dac5d4d9ba2
  depends:
  - ucrt >=10.0.20348.0
  constrains:
  - vs2015_runtime 14.51.36231.* *_38
  license: LicenseRef-MicrosoftVisualCpp2015-2022Runtime
  license_family: Proprietary
  size: 123561
  timestamp: 1780005858779
- conda: https://prefix.dev/glatzel/linux-64/rattler-build-0.66.1-ha709c6e_0.conda
  sha256: 8c2023d32bcd57f957796cb150a62401f4ec8fccf26d4ca3e05650052e990324
  md5: 4e3ebe83f10d5e2d89c363de3dfc0b53
  depends:
  - __glibc >=2.28,<3.0.a0
  constrains:
  - __glibc >=2.17
  run_exports: {}
  size: 15327178
  timestamp: 1781360414398
- conda: https://prefix.dev/glatzel/linux-aarch64/rattler-build-0.66.1-h46bec4a_0.conda
  sha256: dfb7e7d2d5bab1657f9232fd7f7ae6b492b497fdc346370b4a3c23bbd9bde869
  md5: beb6cd9d7cd53bf07670b5ac37e3aee1
  depends:
  - __glibc >=2.28,<3.0.a0
  constrains:
  - __glibc >=2.17
  run_exports: {}
  size: 14674518
  timestamp: 1781360421107
- conda: https://prefix.dev/glatzel/osx-arm64/rattler-build-0.66.1-h45f102e_0.conda
  sha256: ff10b0863211226b24ab45ed35ffed79bfde963d19341b2142c6cd416e3a355f
  md5: aa8dd2ec3e245b6478fac712323a1669
  depends:
  - __osx >=11.0
  constrains:
  - __osx >=11.0
  run_exports: {}
  size: 13286184
  timestamp: 1781360404845
- conda: https://prefix.dev/glatzel/win-64/rattler-build-0.66.1-h4c36245_0.conda
  sha256: 349317615e1f9e86d3986e63fad3b84b73d5acdfb5e8439a828b3ea33a4f7b64
  md5: e443480c19ea1b2a2e05bb30f2351041
  depends:
  - vc >=14.5,<15
  - vc14_runtime >=14.51.36231
  - ucrt >=10.0.20348.0
  run_exports: {}
  size: 16136152
  timestamp: 1781360414666
