version: 7
platforms:
- name: linux-64
  virtual-packages:
  - __unix=0=0
  - __linux=4.18
  - __glibc=2.28
  - __archspec=0=x86_64
- name: linux-aarch64
  virtual-packages:
  - __unix=0=0
  - __linux=4.18
  - __glibc=2.28
  - __archspec=0=aarch64
- name: osx-arm64
  virtual-packages:
  - __unix=0=0
  - __osx=13.0
  - __archspec=0=m1
- name: win-64
  virtual-packages:
  - __win=10.0
  - __archspec=0=x86_64
environments:
  default:
    channels:
    - url: https://prefix.dev/glatzel/
    - url: https://conda.anaconda.org/conda-forge/
    packages:
      linux-64:
      - conda: https://prefix.dev/glatzel/linux-64/rattler-build-0.74.0-ha709c6e_0.conda
      linux-aarch64:
      - conda: https://prefix.dev/glatzel/linux-aarch64/rattler-build-0.74.0-h46bec4a_0.conda
      osx-arm64:
      - conda: https://prefix.dev/glatzel/osx-arm64/rattler-build-0.74.0-h45f102e_0.conda
      win-64:
      - conda: https://conda.anaconda.org/conda-forge/win-64/ucrt-10.0.26100.0-h57928b3_0.conda
      - conda: https://conda.anaconda.org/conda-forge/win-64/vc-14.5-h1b7c187_39.conda
      - conda: https://conda.anaconda.org/conda-forge/win-64/vc14_runtime-14.51.36247-habf1de7_41.conda
      - conda: https://conda.anaconda.org/conda-forge/win-64/vcomp14-14.51.36247-habf1de7_41.conda
      - conda: https://prefix.dev/glatzel/win-64/rattler-build-0.74.0-h4c36245_0.conda
packages:
- conda: https://conda.anaconda.org/conda-forge/win-64/ucrt-10.0.26100.0-h57928b3_0.conda
  sha256: 3005729dce6f3d3f5ec91dfc49fc75a0095f9cd23bab49efb899657297ac91a5
  md5: 71b24316859acd00bdb8b38f5e2ce328
  constrains:
  - vc14_runtime >=14.29.30037
  - vs2015_runtime >=14.29.30037
  license: LicenseRef-MicrosoftWindowsSDK10
  run_exports: {}
  size: 694692
  timestamp: 1756385147981
- conda: https://conda.anaconda.org/conda-forge/win-64/vc-14.5-h1b7c187_39.conda
  sha256: 17693b60cb54f80c60275f003f3bfc1b128af56dbfd65c4fae37c64eeb755ce1
  md5: 2eacea63f545b97342da520df6854276
  depends:
  - vc14_runtime >=14.51.36231
  track_features:
  - vc14
  license: BSD-3-Clause
  license_family: BSD
  run_exports: {}
  size: 20362
  timestamp: 1781320968457
- conda: https://conda.anaconda.org/conda-forge/win-64/vc14_runtime-14.51.36247-habf1de7_41.conda
  sha256: 4e4cb599cdc41bf2109d1464c127b5bcbddf548ce3e322e612afb691338b48f8
  md5: ac5333bb3d429361f23adf704cc49a78
  depends:
  - ucrt >=10.0.20348.0
  - vcomp14 14.51.36247 habf1de7_41
  constrains:
  - vs2015_runtime 14.51.36247.* *_41
  license: LicenseRef-MicrosoftVisualCpp2015-2022Runtime
  license_family: Proprietary
  run_exports: {}
  size: 767955
  timestamp: 1785359364369
- conda: https://conda.anaconda.org/conda-forge/win-64/vcomp14-14.51.36247-habf1de7_41.conda
  sha256: 731e043390c9457299484d39e427221fc868a9249540a498a5a4f6456c7744d1
  md5: 350bb67a5c8e5f1c53347ac544ab6600
  depends:
  - ucrt >=10.0.20348.0
  constrains:
  - vs2015_runtime 14.51.36247.* *_41
  license: LicenseRef-MicrosoftVisualCpp2015-2022Runtime
  license_family: Proprietary
  run_exports:
    strong:
    - vcomp14 >=14.51.36247
  size: 155910
  timestamp: 1785359349999
- conda: https://prefix.dev/glatzel/linux-64/rattler-build-0.74.0-ha709c6e_0.conda
  sha256: 607779e7764f30e82f08253d0d768796eeeef35e71539d9987544c38ee3ff6ff
  md5: 41c2d95c7ae65fbd8f6a8fa58609b74a
  depends:
  - __glibc >=2.28,<3.0.a0
  constrains:
  - __glibc >=2.17
  run_exports: {}
  size: 15396876
  timestamp: 1786983795118
- conda: https://prefix.dev/glatzel/linux-aarch64/rattler-build-0.74.0-h46bec4a_0.conda
  sha256: 5466d7193be99d2d9ea365a7427111d4c4d1a24304e7c7f14098ca846080e472
  md5: d099bceaf05561b3b79688565635ad05
  depends:
  - __glibc >=2.28,<3.0.a0
  constrains:
  - __glibc >=2.17
  run_exports: {}
  size: 14726206
  timestamp: 1786983813565
- conda: https://prefix.dev/glatzel/osx-arm64/rattler-build-0.74.0-h45f102e_0.conda
  sha256: b3e758649547e2da2e58e2fa88daeae67029dc8495a45b33bceda2dff02ce330
  md5: 2838f326f2703526d5656b4e1e844ced
  depends:
  - __osx >=11.0
  constrains:
  - __osx >=11.0
  run_exports: {}
  size: 13125877
  timestamp: 1786983785888
- conda: https://prefix.dev/glatzel/win-64/rattler-build-0.74.0-h4c36245_0.conda
  sha256: a2a530317eeecfc93eb45e2e799cc8f751b53a009977b68bb501993ddc8e5b93
  md5: c3917f0387d2329d4a6d42e9f3f7fb77
  depends:
  - vc >=14.5,<15
  - vc14_runtime >=14.51.36247
  - ucrt >=10.0.20348.0
  run_exports: {}
  size: 16229177
  timestamp: 1786983787801
