version: 7
platforms:
- name: linux-64
  virtual-packages:
  - __unix=0=0
  - __linux=4.18
  - __glibc=2.28
  - __archspec=0=x86_64
- name: linux-aarch64
  virtual-packages:
  - __unix=0=0
  - __linux=4.18
  - __glibc=2.28
  - __archspec=0=aarch64
- name: osx-arm64
  virtual-packages:
  - __unix=0=0
  - __osx=13.0
  - __archspec=0=m1
- name: win-64
  virtual-packages:
  - __win=10.0
  - __archspec=0=x86_64
environments:
  default:
    channels:
    - url: https://prefix.dev/glatzel/
    - url: https://conda.anaconda.org/conda-forge/
    packages:
      linux-64:
      - conda: https://prefix.dev/glatzel/linux-64/rattler-build-0.67.0-ha709c6e_0.conda
      linux-aarch64:
      - conda: https://prefix.dev/glatzel/linux-aarch64/rattler-build-0.67.0-h46bec4a_0.conda
      osx-arm64:
      - conda: https://prefix.dev/glatzel/osx-arm64/rattler-build-0.67.0-h45f102e_0.conda
      win-64:
      - conda: https://conda.anaconda.org/conda-forge/win-64/ucrt-10.0.26100.0-h57928b3_0.conda
      - conda: https://conda.anaconda.org/conda-forge/win-64/vc-14.5-h1b7c187_38.conda
      - conda: https://conda.anaconda.org/conda-forge/win-64/vc14_runtime-14.51.36231-h1b9f54f_38.conda
      - conda: https://conda.anaconda.org/conda-forge/win-64/vcomp14-14.51.36231-h1b9f54f_38.conda
      - conda: https://prefix.dev/glatzel/win-64/rattler-build-0.67.0-h4c36245_0.conda
packages:
- conda: https://conda.anaconda.org/conda-forge/win-64/ucrt-10.0.26100.0-h57928b3_0.conda
  sha256: 3005729dce6f3d3f5ec91dfc49fc75a0095f9cd23bab49efb899657297ac91a5
  md5: 71b24316859acd00bdb8b38f5e2ce328
  constrains:
  - vc14_runtime >=14.29.30037
  - vs2015_runtime >=14.29.30037
  license: LicenseRef-MicrosoftWindowsSDK10
  size: 694692
  timestamp: 1756385147981
- conda: https://conda.anaconda.org/conda-forge/win-64/vc-14.5-h1b7c187_38.conda
  sha256: 61b68e5a4fc71a17f8d64b12e013a2f971ad980bd08e9c389d5e68efe1a67de0
  md5: 774568633f3b26d7a4a6dd4f9ea6d3e1
  depends:
  - vc14_runtime >=14.51.36231
  track_features:
  - vc14
  license: BSD-3-Clause
  license_family: BSD
  size: 20187
  timestamp: 1780005880049
- conda: https://conda.anaconda.org/conda-forge/win-64/vc14_runtime-14.51.36231-h1b9f54f_38.conda
  sha256: 957c7c65583c7107a5e76f39756c6361fcb7b0dc101ac7c0aea86e7ca09fe49c
  md5: 2cdcd8ea1010920911bb2eacb4c61227
  depends:
  - ucrt >=10.0.20348.0
  - vcomp14 14.51.36231 h1b9f54f_38
  constrains:
  - vs2015_runtime 14.51.36231.* *_38
  license: LicenseRef-MicrosoftVisualCpp2015-2022Runtime
  license_family: Proprietary
  size: 740997
  timestamp: 1780005875753
- conda: https://conda.anaconda.org/conda-forge/win-64/vcomp14-14.51.36231-h1b9f54f_38.conda
  sha256: c645fdc1f0f47718431d973386e946754a10200e7ba2c32032560913a970cacd
  md5: 63ee70d69d7540e821940dac5d4d9ba2
  depends:
  - ucrt >=10.0.20348.0
  constrains:
  - vs2015_runtime 14.51.36231.* *_38
  license: LicenseRef-MicrosoftVisualCpp2015-2022Runtime
  license_family: Proprietary
  size: 123561
  timestamp: 1780005858779
- conda: https://prefix.dev/glatzel/linux-64/rattler-build-0.67.0-ha709c6e_0.conda
  sha256: 829ea4b810a598b71ac00fb03f12bc4b8f51ec24867c2eac2e8cc3ae77c8640b
  md5: 40e42a76162b67165a9e3daa8d286cc0
  depends:
  - __glibc >=2.28,<3.0.a0
  constrains:
  - __glibc >=2.17
  run_exports: {}
  size: 15018880
  timestamp: 1782183638775
- conda: https://prefix.dev/glatzel/linux-aarch64/rattler-build-0.67.0-h46bec4a_0.conda
  sha256: 2e8b86f704c96b15657bb090173a0fd672fd8d9c9d92d250e7a2edcfc52a1dec
  md5: 780badb9a0dfbaf3fd10543e65a1ada2
  depends:
  - __glibc >=2.28,<3.0.a0
  constrains:
  - __glibc >=2.17
  run_exports: {}
  size: 14380589
  timestamp: 1782183640881
- conda: https://prefix.dev/glatzel/osx-arm64/rattler-build-0.67.0-h45f102e_0.conda
  sha256: 701c7952a056341bce52f064c67b86f8f13feb73905df5a3bf37700c1bdb6fa7
  md5: 9a0c9e864eec357e78e82352cdaa552e
  depends:
  - __osx >=11.0
  constrains:
  - __osx >=11.0
  run_exports: {}
  size: 13044822
  timestamp: 1782183627998
- conda: https://prefix.dev/glatzel/win-64/rattler-build-0.67.0-h4c36245_0.conda
  sha256: 44782e7b6c3a7ce002119c12df2e829ed884457a4c7e7eeb653376dbafc67a6b
  md5: 0713fd3ddb63ac0e4639ee38ee14a2d6
  depends:
  - vc >=14.5,<15
  - vc14_runtime >=14.51.36231
  - ucrt >=10.0.20348.0
  run_exports: {}
  size: 15831623
  timestamp: 1782183638591
