version: 6
environments:
  default:
    channels:
    - url: https://conda.anaconda.org/conda-forge/
    packages: {}
  ocio:
    channels:
    - url: https://conda.anaconda.org/conda-forge/
    packages:
      win-64:
      - conda: https://conda.anaconda.org/conda-forge/win-64/libzlib-1.3.1-h2466b09_2.conda
      - conda: https://conda.anaconda.org/conda-forge/win-64/ucrt-10.0.22621.0-h57928b3_1.conda
      - conda: https://conda.anaconda.org/conda-forge/win-64/vc-14.3-h41ae7f8_26.conda
      - conda: https://conda.anaconda.org/conda-forge/win-64/vc14_runtime-14.44.35208-h818238b_26.conda
      - conda: https://conda.anaconda.org/conda-forge/win-64/yaml-cpp-0.8.0-he0c23c2_0.conda
      - conda: https://conda.anaconda.org/conda-forge/win-64/zlib-1.3.1-h2466b09_2.conda
  oiio:
    channels:
    - url: https://conda.anaconda.org/conda-forge/
    packages:
      win-64:
      - conda: https://conda.anaconda.org/conda-forge/win-64/_libavif_api-1.3.0-h57928b3_0.conda
      - conda: https://conda.anaconda.org/conda-forge/win-64/aom-3.9.1-he0c23c2_0.conda
      - conda: https://conda.anaconda.org/conda-forge/win-64/bzip2-1.0.8-h2466b09_7.conda
      - conda: https://conda.anaconda.org/conda-forge/win-64/dav1d-1.2.1-hcfcfb64_0.conda
      - conda: https://conda.anaconda.org/conda-forge/win-64/fmt-11.1.4-h5f12afc_1.conda
      - conda: https://conda.anaconda.org/conda-forge/win-64/freeglut-3.2.2-he0c23c2_3.conda
      - conda: https://conda.anaconda.org/conda-forge/win-64/freetype-2.13.3-h57928b3_1.conda
      - conda: https://conda.anaconda.org/conda-forge/win-64/giflib-5.2.2-h64bf75a_0.conda
      - conda: https://conda.anaconda.org/conda-forge/win-64/imath-3.1.12-hbb528cf_0.conda
      - conda: https://conda.anaconda.org/conda-forge/win-64/jasper-4.2.5-h99a1cce_0.conda
      - conda: https://conda.anaconda.org/conda-forge/win-64/lcms2-2.17-hbcf6048_0.conda
      - conda: https://conda.anaconda.org/conda-forge/win-64/lerc-4.0.0-h6470a55_1.conda
      - conda: https://conda.anaconda.org/conda-forge/win-64/libavif16-1.3.0-hf2698fe_0.conda
      - conda: https://conda.anaconda.org/conda-forge/win-64/libbrotlicommon-1.1.0-h2466b09_3.conda
      - conda: https://conda.anaconda.org/conda-forge/win-64/libbrotlidec-1.1.0-h2466b09_3.conda
      - conda: https://conda.anaconda.org/conda-forge/win-64/libbrotlienc-1.1.0-h2466b09_3.conda
      - conda: https://conda.anaconda.org/conda-forge/win-64/libde265-1.0.15-h91493d7_0.conda
      - conda: https://conda.anaconda.org/conda-forge/win-64/libdeflate-1.24-h76ddb4d_0.conda
      - conda: https://conda.anaconda.org/conda-forge/win-64/libfreetype-2.13.3-h57928b3_1.conda
      - conda: https://conda.anaconda.org/conda-forge/win-64/libfreetype6-2.13.3-h0b5ce68_1.conda
      - conda: https://conda.anaconda.org/conda-forge/win-64/libheif-1.19.7-gpl_h2684147_100.conda
      - conda: https://conda.anaconda.org/conda-forge/win-64/libhwloc-2.11.2-default_ha69328c_1001.conda
      - conda: https://conda.anaconda.org/conda-forge/win-64/libhwy-1.2.0-h1d1702c_0.conda
      - conda: https://conda.anaconda.org/conda-forge/win-64/libiconv-1.18-h135ad9c_1.conda
      - conda: https://conda.anaconda.org/conda-forge/win-64/libjpeg-turbo-3.1.0-h2466b09_0.conda
      - conda: https://conda.anaconda.org/conda-forge/win-64/libjxl-0.11.1-ha161b08_2.conda
      - conda: https://conda.anaconda.org/conda-forge/win-64/liblzma-5.8.1-h2466b09_2.conda
      - conda: https://conda.anaconda.org/conda-forge/win-64/libpng-1.6.47-h7a4582a_0.conda
      - conda: https://conda.anaconda.org/conda-forge/win-64/libraw-0.21.4-h866491b_0.conda
      - conda: https://conda.anaconda.org/conda-forge/win-64/libtiff-4.7.0-h05922d8_5.conda
      - conda: https://conda.anaconda.org/conda-forge/win-64/libwebp-1.5.0-h3b0e114_0.conda
      - conda: https://conda.anaconda.org/conda-forge/win-64/libwebp-base-1.5.0-h3b0e114_0.conda
      - conda: https://conda.anaconda.org/conda-forge/win-64/libwinpthread-12.0.0.r4.gg4f2fc60ca-h57928b3_9.conda
      - conda: https://conda.anaconda.org/conda-forge/win-64/libxml2-2.13.8-h442d1da_0.conda
      - conda: https://conda.anaconda.org/conda-forge/win-64/libzlib-1.3.1-h2466b09_2.conda
      - conda: https://conda.anaconda.org/conda-forge/win-64/openexr-3.3.3-h9fcfcc6_1.conda
      - conda: https://conda.anaconda.org/conda-forge/win-64/openjpeg-2.5.3-h4d64b90_0.conda
      - conda: https://conda.anaconda.org/conda-forge/win-64/rav1e-0.7.1-ha073cba_3.conda
      - conda: https://conda.anaconda.org/conda-forge/win-64/svt-av1-3.0.2-he0c23c2_0.conda
      - conda: https://conda.anaconda.org/conda-forge/win-64/tbb-2022.1.0-ha82c486_0.conda
      - conda: https://conda.anaconda.org/conda-forge/win-64/tbb-devel-2022.1.0-h47441b3_0.conda
      - conda: https://conda.anaconda.org/conda-forge/win-64/ucrt-10.0.22621.0-h57928b3_1.conda
      - conda: https://conda.anaconda.org/conda-forge/win-64/vc-14.3-h41ae7f8_26.conda
      - conda: https://conda.anaconda.org/conda-forge/win-64/vc14_runtime-14.44.35208-h818238b_26.conda
      - conda: https://conda.anaconda.org/conda-forge/win-64/vs2015_runtime-14.44.35208-h38c0c73_26.conda
      - conda: https://conda.anaconda.org/conda-forge/win-64/x265-3.5-h2d74725_3.tar.bz2
      - conda: https://conda.anaconda.org/conda-forge/win-64/yaml-cpp-0.8.0-he0c23c2_0.conda
      - conda: https://conda.anaconda.org/conda-forge/win-64/zlib-1.3.1-h2466b09_2.conda
      - conda: https://conda.anaconda.org/conda-forge/win-64/zstd-1.5.7-hbeecb71_2.conda
packages:
- conda: https://conda.anaconda.org/conda-forge/win-64/_libavif_api-1.3.0-h57928b3_0.conda
  sha256: b530a08e5af782348d1753d64aca43112ff4c957ceb86adb0715dd9c7b4a7e2c
  md5: ee165108d6159100c6425dbe99f61a40
  size: 9790
  timestamp: 1746836455569
- conda: https://conda.anaconda.org/conda-forge/win-64/aom-3.9.1-he0c23c2_0.conda
  sha256: 0524d0c0b61dacd0c22ac7a8067f977b1d52380210933b04141f5099c5b6fec7
  md5: 3d7c14285d3eb3239a76ff79063f27a5
  depends:
  - ucrt >=10.0.20348.0
  - vc >=14.2,<15
  - vc14_runtime >=14.29.30139
  license: BSD-2-Clause
  license_family: BSD
  size: 1958151
  timestamp: 1718551737234
- conda: https://conda.anaconda.org/conda-forge/win-64/bzip2-1.0.8-h2466b09_7.conda
  sha256: 35a5dad92e88fdd7fc405e864ec239486f4f31eec229e31686e61a140a8e573b
  md5: 276e7ffe9ffe39688abc665ef0f45596
  depends:
  - ucrt >=10.0.20348.0
  - vc >=14.2,<15
  - vc14_runtime >=14.29.30139
  license: bzip2-1.0.6
  license_family: BSD
  size: 54927
  timestamp: 1720974860185
- conda: https://conda.anaconda.org/conda-forge/win-64/dav1d-1.2.1-hcfcfb64_0.conda
  sha256: 2aa2083c9c186da7d6f975ccfbef654ed54fff27f4bc321dbcd12cee932ec2c4
  md5: ed2c27bda330e3f0ab41577cf8b9b585
  depends:
  - ucrt >=10.0.20348.0
  - vc >=14.2,<15
  - vc14_runtime >=14.29.30139
  license: BSD-2-Clause
  license_family: BSD
  size: 618643
  timestamp: 1685696352968
- conda: https://conda.anaconda.org/conda-forge/win-64/fmt-11.1.4-h5f12afc_1.conda
  sha256: fd88cd4796572d649da4d249ffb91bd387558c75ab14ad344b7ac45f714079b6
  md5: 65be2289e596e757fc03a5383072a2e7
  depends:
  - ucrt >=10.0.20348.0
  - vc >=14.2,<15
  - vc14_runtime >=14.29.30139
  license: MIT
  license_family: MIT
  size: 184746
  timestamp: 1742833874774
- conda: https://conda.anaconda.org/conda-forge/win-64/freeglut-3.2.2-he0c23c2_3.conda
  sha256: 8b41913ed6c8c0dadda463a649bc16f45e88faa58553efc6830f4de1138c97f2
  md5: 5872031ef7cba8435ff24af056777473
  depends:
  - ucrt >=10.0.20348.0
  - vc >=14.2,<15
  - vc14_runtime >=14.29.30139
  license: MIT
  license_family: MIT
  size: 111956
  timestamp: 1719014753462
- conda: https://conda.anaconda.org/conda-forge/win-64/freetype-2.13.3-h57928b3_1.conda
  sha256: 0bcc9c868d769247c12324f957c97c4dbee7e4095485db90d9c295bcb3b1bb43
  md5: 633504fe3f96031192e40e3e6c18ef06
  depends:
  - libfreetype 2.13.3 h57928b3_1
  - libfreetype6 2.13.3 h0b5ce68_1
  license: GPL-2.0-only OR FTL
  size: 184162
  timestamp: 1745370242683
- conda: https://conda.anaconda.org/conda-forge/win-64/giflib-5.2.2-h64bf75a_0.conda
  sha256: 85fa240e749a1a88a588b6895c53f253d990697749b3a7b1ed8bb92ebb3d64c8
  md5: 72f424715c78a04fd5b991ee5dca820f
  depends:
  - ucrt >=10.0.20348.0
  - vc >=14.2,<15
  - vc14_runtime >=14.29.30139
  license: MIT
  license_family: MIT
  size: 84497
  timestamp: 1712692952874
- conda: https://conda.anaconda.org/conda-forge/win-64/imath-3.1.12-hbb528cf_0.conda
  sha256: 184c796615cebaa73246f351144f164ee7b61ea809e4ba3c5d98fa9ca333e058
  md5: c25af729c8c1c41f96202f8a96652bbe
  depends:
  - libzlib >=1.3.1,<2.0a0
  - ucrt >=10.0.20348.0
  - vc >=14.2,<15
  - vc14_runtime >=14.29.30139
  license: BSD-3-Clause
  license_family: BSD
  size: 160408
  timestamp: 1725972042635
- conda: https://conda.anaconda.org/conda-forge/win-64/jasper-4.2.5-h99a1cce_0.conda
  sha256: 62477b43742e7c29588b784c054e4d8010b460d5ed0bd46adfcab6e6da494100
  md5: ca32a34da20bc7b247d8de3190bd8f42
  depends:
  - freeglut >=3.2.2,<4.0a0
  - libjpeg-turbo >=3.0.0,<4.0a0
  - ucrt >=10.0.20348.0
  - vc >=14.2,<15
  - vc14_runtime >=14.29.30139
  license: JasPer-2.0
  size: 442279
  timestamp: 1743026476640
- conda: https://conda.anaconda.org/conda-forge/win-64/lcms2-2.17-hbcf6048_0.conda
  sha256: 7712eab5f1a35ca3ea6db48ead49e0d6ac7f96f8560da8023e61b3dbe4f3b25d
  md5: 3538827f77b82a837fa681a4579e37a1
  depends:
  - libjpeg-turbo >=3.0.0,<4.0a0
  - libtiff >=4.7.0,<4.8.0a0
  - ucrt >=10.0.20348.0
  - vc >=14.2,<15
  - vc14_runtime >=14.29.30139
  license: MIT
  license_family: MIT
  size: 510641
  timestamp: 1739161381270
- conda: https://conda.anaconda.org/conda-forge/win-64/lerc-4.0.0-h6470a55_1.conda
  sha256: 868a3dff758cc676fa1286d3f36c3e0101cca56730f7be531ab84dc91ec58e9d
  md5: c1b81da6d29a14b542da14a36c9fbf3f
  depends:
  - ucrt >=10.0.20348.0
  - vc >=14.2,<15
  - vc14_runtime >=14.29.30139
  license: Apache-2.0
  license_family: Apache
  size: 164701
  timestamp: 1745264384716
- conda: https://conda.anaconda.org/conda-forge/win-64/libavif16-1.3.0-hf2698fe_0.conda
  sha256: 648bfe7404db62cc9c908341fbdc68f5b94254a8de31ede23f5abc3213c6651b
  md5: cd552166ea3c57d74c797d68e643a659
  depends:
  - _libavif_api >=1.3.0,<1.3.1.0a0
  - aom >=3.9.1,<3.10.0a0
  - dav1d >=1.2.1,<1.2.2.0a0
  - rav1e >=0.7.1,<0.8.0a0
  - svt-av1 >=3.0.2,<3.0.3.0a0
  - ucrt >=10.0.20348.0
  - vc >=14.2,<15
  - vc14_runtime >=14.29.30139
  license: BSD-2-Clause
  license_family: BSD
  size: 115816
  timestamp: 1746836897887
- conda: https://conda.anaconda.org/conda-forge/win-64/libbrotlicommon-1.1.0-h2466b09_3.conda
  sha256: e70ea4b773fadddda697306a80a29d9cbd36b7001547cd54cbfe9a97a518993f
  md5: cf20c8b8b48ab5252ec64b9c66bfe0a4
  depends:
  - ucrt >=10.0.20348.0
  - vc >=14.2,<15
  - vc14_runtime >=14.29.30139
  license: MIT
  license_family: MIT
  size: 71289
  timestamp: 1749230827419
- conda: https://conda.anaconda.org/conda-forge/win-64/libbrotlidec-1.1.0-h2466b09_3.conda
  sha256: a35a0db7e3257e011b10ffb371735b2b24074412d0b27c3dab7ca9f2c549cfcf
  md5: a342933dbc6d814541234c7c81cb5205
  depends:
  - libbrotlicommon 1.1.0 h2466b09_3
  - ucrt >=10.0.20348.0
  - vc >=14.2,<15
  - vc14_runtime >=14.29.30139
  license: MIT
  license_family: MIT
  size: 33451
  timestamp: 1749230869051
- conda: https://conda.anaconda.org/conda-forge/win-64/libbrotlienc-1.1.0-h2466b09_3.conda
  sha256: 9d0703c5a01c10d346587ff0535a0eb81042364333caa4a24a0e4a0c08fd490b
  md5: 7ef0af55d70cbd9de324bb88b7f9d81e
  depends:
  - libbrotlicommon 1.1.0 h2466b09_3
  - ucrt >=10.0.20348.0
  - vc >=14.2,<15
  - vc14_runtime >=14.29.30139
  license: MIT
  license_family: MIT
  size: 245845
  timestamp: 1749230909225
- conda: https://conda.anaconda.org/conda-forge/win-64/libde265-1.0.15-h91493d7_0.conda
  sha256: f52c603151743486d2faec37e161c60731001d9c955e0f12ac9ad334c1119116
  md5: 9dc3c1fbc1c7bc6204e8a603f45e156b
  depends:
  - ucrt >=10.0.20348.0
  - vc >=14.2,<15
  - vc14_runtime >=14.29.30139
  license: LGPL-3.0-or-later
  license_family: LGPL
  size: 252968
  timestamp: 1703089151021
- conda: https://conda.anaconda.org/conda-forge/win-64/libdeflate-1.24-h76ddb4d_0.conda
  sha256: 65347475c0009078887ede77efe60db679ea06f2b56f7853b9310787fe5ad035
  md5: 08d988e266c6ae77e03d164b83786dc4
  depends:
  - ucrt >=10.0.20348.0
  - vc >=14.2,<15
  - vc14_runtime >=14.29.30139
  license: MIT
  license_family: MIT
  size: 156292
  timestamp: 1747040812624
- conda: https://conda.anaconda.org/conda-forge/win-64/libfreetype-2.13.3-h57928b3_1.conda
  sha256: e5bc7d0a8d11b7b234da4fcd9d78f297f7dec3fec8bd06108fd3ac7b2722e32e
  md5: 410ba2c8e7bdb278dfbb5d40220e39d2
  depends:
  - libfreetype6 >=2.13.3
  license: GPL-2.0-only OR FTL
  size: 8159
  timestamp: 1745370227235
- conda: https://conda.anaconda.org/conda-forge/win-64/libfreetype6-2.13.3-h0b5ce68_1.conda
  sha256: 61308653e7758ff36f80a60d598054168a1389ddfbac46d7864c415fafe18e69
  md5: a84b7d1a13060a9372bea961a8131dbc
  depends:
  - libpng >=1.6.47,<1.7.0a0
  - libzlib >=1.3.1,<2.0a0
  - ucrt >=10.0.20348.0
  - vc >=14.2,<15
  - vc14_runtime >=14.29.30139
  constrains:
  - freetype >=2.13.3
  license: GPL-2.0-only OR FTL
  size: 337007
  timestamp: 1745370226578
- conda: https://conda.anaconda.org/conda-forge/win-64/libheif-1.19.7-gpl_h2684147_100.conda
  sha256: 55965154b428c22cf0fcf1bd53844c1c4c59f0301ece36782b082a92a51e52af
  md5: d7a6c3df36c3281b38164ce518d45528
  depends:
  - aom >=3.9.1,<3.10.0a0
  - dav1d >=1.2.1,<1.2.2.0a0
  - libavif16 >=1.2.0,<2.0a0
  - libde265 >=1.0.15,<1.0.16.0a0
  - ucrt >=10.0.20348.0
  - vc >=14.2,<15
  - vc14_runtime >=14.29.30139
  - x265 >=3.5,<3.6.0a0
  license: LGPL-3.0-or-later
  license_family: LGPL
  size: 391084
  timestamp: 1741307167944
- conda: https://conda.anaconda.org/conda-forge/win-64/libhwloc-2.11.2-default_ha69328c_1001.conda
  sha256: 850e255997f538d5fb6ed651321141155a33bb781d43d326fc4ff62114dd2842
  md5: b87a0ac5ab6495d8225db5dc72dd21cd
  depends:
  - libwinpthread >=12.0.0.r4.gg4f2fc60ca
  - libxml2 >=2.13.4,<2.14.0a0
  - ucrt >=10.0.20348.0
  - vc >=14.2,<15
  - vc14_runtime >=14.29.30139
  license: BSD-3-Clause
  license_family: BSD
  size: 2390021
  timestamp: 1731375651179
- conda: https://conda.anaconda.org/conda-forge/win-64/libhwy-1.2.0-h1d1702c_0.conda
  sha256: 57b744e1cd1316ebda141a2abc39d6deae6d2d6833b7fb00d1212bdef8750a16
  md5: f9c48717ec26b7102445719bac1bdba8
  depends:
  - ucrt >=10.0.20348.0
  - vc >=14.2,<15
  - vc14_runtime >=14.29.30139
  license: Apache-2.0
  license_family: Apache
  size: 456913
  timestamp: 1744841708967
- conda: https://conda.anaconda.org/conda-forge/win-64/libiconv-1.18-h135ad9c_1.conda
  sha256: ea5ed2b362b6dbc4ba7188eb4eaf576146e3dfc6f4395e9f0db76ad77465f786
  md5: 21fc5dba2cbcd8e5e26ff976a312122c
  depends:
  - ucrt >=10.0.20348.0
  - vc >=14.2,<15
  - vc14_runtime >=14.29.30139
  license: LGPL-2.1-only
  size: 638142
  timestamp: 1740128665984
- conda: https://conda.anaconda.org/conda-forge/win-64/libjpeg-turbo-3.1.0-h2466b09_0.conda
  sha256: e61b0adef3028b51251124e43eb6edf724c67c0f6736f1628b02511480ac354e
  md5: 7c51d27540389de84852daa1cdb9c63c
  depends:
  - ucrt >=10.0.20348.0
  - vc >=14.2,<15
  - vc14_runtime >=14.29.30139
  constrains:
  - jpeg <0.0.0a
  license: IJG AND BSD-3-Clause AND Zlib
  size: 838154
  timestamp: 1745268437136
- conda: https://conda.anaconda.org/conda-forge/win-64/libjxl-0.11.1-ha161b08_2.conda
  sha256: 7bb0fb033e2386ead1957f6aa1a93e2f328fbd38fdd5b9a20d176bbfd51a9fa1
  md5: 5fc376d36949612948f1191a0e276a3c
  depends:
  - libbrotlidec >=1.1.0,<1.2.0a0
  - libbrotlienc >=1.1.0,<1.2.0a0
  - libhwy >=1.2.0,<1.3.0a0
  - ucrt >=10.0.20348.0
  - vc >=14.2,<15
  - vc14_runtime >=14.29.30139
  license: BSD-3-Clause
  license_family: BSD
  size: 1022654
  timestamp: 1749126610763
- conda: https://conda.anaconda.org/conda-forge/win-64/liblzma-5.8.1-h2466b09_2.conda
  sha256: 55764956eb9179b98de7cc0e55696f2eff8f7b83fc3ebff5e696ca358bca28cc
  md5: c15148b2e18da456f5108ccb5e411446
  depends:
  - ucrt >=10.0.20348.0
  - vc >=14.2,<15
  - vc14_runtime >=14.29.30139
  constrains:
  - xz 5.8.1.*
  license: 0BSD
  size: 104935
  timestamp: 1749230611612
- conda: https://conda.anaconda.org/conda-forge/win-64/libpng-1.6.47-h7a4582a_0.conda
  sha256: e12c46ca882080d901392ae45e0e5a1c96fc3e5acd5cd1a23c2632eb7f024f26
  md5: ad620e92b82d2948bc019e029c574ebb
  depends:
  - libzlib >=1.3.1,<2.0a0
  - ucrt >=10.0.20348.0
  - vc >=14.2,<15
  - vc14_runtime >=14.29.30139
  license: zlib-acknowledgement
  size: 346511
  timestamp: 1745771984515
- conda: https://conda.anaconda.org/conda-forge/win-64/libraw-0.21.4-h866491b_0.conda
  sha256: db2cd8a48e5d329eb6a324063daa63eced3761ea42badaed5c685f468695fbd3
  md5: e5d4bf6388c45045a73d5e58e1364769
  depends:
  - vc >=14.2,<15
  - vc14_runtime >=14.29.30139
  - ucrt >=10.0.20348.0
  - vc >=14.2,<15
  - vc14_runtime >=14.29.30139
  - ucrt >=10.0.20348.0
  - libjpeg-turbo >=3.0.0,<4.0a0
  - libzlib >=1.3.1,<2.0a0
  - lcms2 >=2.17,<3.0a0
  - jasper >=4.2.5,<5.0a0
  license: LGPL-2.1-only
  size: 536650
  timestamp: 1744641254166
- conda: https://conda.anaconda.org/conda-forge/win-64/libtiff-4.7.0-h05922d8_5.conda
  sha256: 1bb0b2e7d076fecc2f8147336bc22e7e6f9a4e0505e0e4ab2be1f56023a4a458
  md5: 75370aba951b47ec3b5bfe689f1bcf7f
  depends:
  - lerc >=4.0.0,<5.0a0
  - libdeflate >=1.24,<1.25.0a0
  - libjpeg-turbo >=3.1.0,<4.0a0
  - liblzma >=5.8.1,<6.0a0
  - libzlib >=1.3.1,<2.0a0
  - ucrt >=10.0.20348.0
  - vc >=14.2,<15
  - vc14_runtime >=14.29.30139
  - zstd >=1.5.7,<1.6.0a0
  license: HPND
  size: 979074
  timestamp: 1747067408877
- conda: https://conda.anaconda.org/conda-forge/win-64/libwebp-1.5.0-h3b0e114_0.conda
  sha256: bde77580be7b9cc984503ec034690bc0dceab4e11bfb08c5984596d603252245
  md5: 86f1ee21c7b65ae8204728729012bee2
  depends:
  - libwebp-base 1.5.0.*
  - libwebp-base >=1.5.0,<2.0a0
  - ucrt >=10.0.20348.0
  - vc >=14.2,<15
  - vc14_runtime >=14.29.30139
  license: BSD-3-Clause
  license_family: BSD
  size: 71348
  timestamp: 1734956464680
- conda: https://conda.anaconda.org/conda-forge/win-64/libwebp-base-1.5.0-h3b0e114_0.conda
  sha256: 1d75274614e83a5750b8b94f7bad2fc0564c2312ff407e697d99152ed095576f
  md5: 33f7313967072c6e6d8f865f5493c7ae
  depends:
  - ucrt >=10.0.20348.0
  - vc >=14.2,<15
  - vc14_runtime >=14.29.30139
  constrains:
  - libwebp 1.5.0
  license: BSD-3-Clause
  license_family: BSD
  size: 273661
  timestamp: 1734777665516
- conda: https://conda.anaconda.org/conda-forge/win-64/libwinpthread-12.0.0.r4.gg4f2fc60ca-h57928b3_9.conda
  sha256: 373f2973b8a358528b22be5e8d84322c165b4c5577d24d94fd67ad1bb0a0f261
  md5: 08bfa5da6e242025304b206d152479ef
  depends:
  - ucrt
  constrains:
  - pthreads-win32 <0.0a0
  - msys2-conda-epoch <0.0a0
  license: MIT AND BSD-3-Clause-Clear
  size: 35794
  timestamp: 1737099561703
- conda: https://conda.anaconda.org/conda-forge/win-64/libxml2-2.13.8-h442d1da_0.conda
  sha256: 473b8a53c8df714d676ab41711551c8d250f8d799f2db5cb7cb2b177a0ce13f6
  md5: 833c2dbc1a5020007b520b044c713ed3
  depends:
  - libiconv >=1.18,<2.0a0
  - libzlib >=1.3.1,<2.0a0
  - ucrt >=10.0.20348.0
  - vc >=14.2,<15
  - vc14_runtime >=14.29.30139
  license: MIT
  license_family: MIT
  size: 1513627
  timestamp: 1746634633560
- conda: https://conda.anaconda.org/conda-forge/win-64/libzlib-1.3.1-h2466b09_2.conda
  sha256: ba945c6493449bed0e6e29883c4943817f7c79cbff52b83360f7b341277c6402
  md5: 41fbfac52c601159df6c01f875de31b9
  depends:
  - ucrt >=10.0.20348.0
  - vc >=14.2,<15
  - vc14_runtime >=14.29.30139
  constrains:
  - zlib 1.3.1 *_2
  license: Zlib
  license_family: Other
  size: 55476
  timestamp: 1727963768015
- conda: https://conda.anaconda.org/conda-forge/win-64/openexr-3.3.3-h9fcfcc6_1.conda
  sha256: 7f6ae0b5c10b2c30b78fe64b3338b9bd37b9126b2d665eead46e2e87452a8338
  md5: a27df1241cdc6988ff9e18bea3dc7fbc
  depends:
  - vc >=14.2,<15
  - vc14_runtime >=14.29.30139
  - ucrt >=10.0.20348.0
  - vc >=14.2,<15
  - vc14_runtime >=14.29.30139
  - ucrt >=10.0.20348.0
  - libzlib >=1.3.1,<2.0a0
  - imath >=3.1.12,<3.1.13.0a0
  - libdeflate >=1.24,<1.25.0a0
  license: BSD-3-Clause
  license_family: BSD
  size: 1045250
  timestamp: 1747073148781
- conda: https://conda.anaconda.org/conda-forge/win-64/openjpeg-2.5.3-h4d64b90_0.conda
  sha256: 410175815df192f57a07c29a6b3fdd4231937173face9e63f0830c1234272ce3
  md5: fc050366dd0b8313eb797ed1ffef3a29
  depends:
  - libpng >=1.6.44,<1.7.0a0
  - libtiff >=4.7.0,<4.8.0a0
  - libzlib >=1.3.1,<2.0a0
  - ucrt >=10.0.20348.0
  - vc >=14.2,<15
  - vc14_runtime >=14.29.30139
  license: BSD-2-Clause
  license_family: BSD
  size: 240148
  timestamp: 1733817010335
- conda: https://conda.anaconda.org/conda-forge/win-64/rav1e-0.7.1-ha073cba_3.conda
  sha256: d19a58b882a0387c7c8efbfce4e67a0df4b19d8da6cf6cec3011b6079e5bc743
  md5: 3bd3626822633688691ed41d661c2b2e
  depends:
  - ucrt >=10.0.20348.0
  - vc >=14.2,<15
  - vc14_runtime >=14.29.30139
  license: BSD-2-Clause
  license_family: BSD
  size: 4122383
  timestamp: 1746622805379
- conda: https://conda.anaconda.org/conda-forge/win-64/svt-av1-3.0.2-he0c23c2_0.conda
  sha256: 2307695366b92fffe69e33da9eae0df4e32ba5fdbae28ba4489ebf6cb223c203
  md5: b10f556afee1579f3c710a4790a6ed28
  depends:
  - ucrt >=10.0.20348.0
  - vc >=14.2,<15
  - vc14_runtime >=14.29.30139
  license: BSD-2-Clause
  license_family: BSD
  size: 1849099
  timestamp: 1742908435809
- conda: https://conda.anaconda.org/conda-forge/win-64/tbb-2022.1.0-ha82c486_0.conda
  sha256: fea75ea17834bf2c23a1f38dede880687b23638c0392435f1ca060fdf3cfccc0
  md5: 3e15eca7ac18306cbe4fad0304562b01
  depends:
  - libhwloc >=2.11.2,<2.11.3.0a0
  - ucrt >=10.0.20348.0
  - vc >=14.2,<15
  - vc14_runtime >=14.29.30139
  license: Apache-2.0
  license_family: APACHE
  size: 154810
  timestamp: 1743579326182
- conda: https://conda.anaconda.org/conda-forge/win-64/tbb-devel-2022.1.0-h47441b3_0.conda
  sha256: 485e0b0f36f2d5244486feca682e8ea6be7f1b94c89e3aa3875ea807ce398420
  md5: b451e898ceb95cad79d84961ee096215
  depends:
  - tbb 2022.1.0 ha82c486_0
  - ucrt >=10.0.20348.0
  - vc >=14.2,<15
  - vc14_runtime >=14.29.30139
  size: 1092828
  timestamp: 1743579362516
- conda: https://conda.anaconda.org/conda-forge/win-64/ucrt-10.0.22621.0-h57928b3_1.conda
  sha256: db8dead3dd30fb1a032737554ce91e2819b43496a0db09927edf01c32b577450
  md5: 6797b005cd0f439c4c5c9ac565783700
  constrains:
  - vs2015_runtime >=14.29.30037
  license: LicenseRef-MicrosoftWindowsSDK10
  size: 559710
  timestamp: 1728377334097
- conda: https://conda.anaconda.org/conda-forge/win-64/vc-14.3-h41ae7f8_26.conda
  sha256: b388d88e04aa0257df4c1d28f8d85d985ad07c1e5645aa62335673c98704c4c6
  md5: 18b6bf6f878501547786f7bf8052a34d
  depends:
  - vc14_runtime >=14.44.35208
  track_features:
  - vc14
  license: BSD-3-Clause
  license_family: BSD
  size: 17914
  timestamp: 1750371462857
- conda: https://conda.anaconda.org/conda-forge/win-64/vc14_runtime-14.44.35208-h818238b_26.conda
  sha256: 7bad6e25a7c836d99011aee59dcf600b7f849a6fa5caa05a406255527e80a703
  md5: 14d65350d3f5c8ff163dc4f76d6e2830
  depends:
  - ucrt >=10.0.20348.0
  constrains:
  - vs2015_runtime 14.44.35208.* *_26
  license: LicenseRef-MicrosoftVisualCpp2015-2022Runtime
  license_family: Proprietary
  size: 756109
  timestamp: 1750371459116
- conda: https://conda.anaconda.org/conda-forge/win-64/vs2015_runtime-14.44.35208-h38c0c73_26.conda
  sha256: d18d77c8edfbad37fa0e0bb0f543ad80feb85e8fe5ced0f686b8be463742ec0b
  md5: 312f3a0a6b3c5908e79ce24002411e32
  depends:
  - vc14_runtime >=14.44.35208
  license: BSD-3-Clause
  license_family: BSD
  size: 17888
  timestamp: 1750371463202
- conda: https://conda.anaconda.org/conda-forge/win-64/x265-3.5-h2d74725_3.tar.bz2
  sha256: 02b9874049112f2b7335c9a3e880ac05d99a08d9a98160c5a98898b2b3ac42b2
  md5: ca7129a334198f08347fb19ac98a2de9
  depends:
  - vc >=14.1,<15
  - vs2015_runtime >=14.16.27033
  license: GPL-2.0-or-later
  license_family: GPL
  size: 5517425
  timestamp: 1646611941216
- conda: https://conda.anaconda.org/conda-forge/win-64/yaml-cpp-0.8.0-he0c23c2_0.conda
  sha256: 031642d753e0ebd666a76cea399497cc7048ff363edf7d76a630ee0a19e341da
  md5: 9bb5064a9fca5ca8e7d7f1ae677354b6
  depends:
  - vc >=14.2,<15
  - vc14_runtime >=14.29.30139
  - ucrt >=10.0.20348.0
  - vc >=14.2,<15
  - vc14_runtime >=14.29.30139
  - ucrt >=10.0.20348.0
  license: MIT
  license_family: MIT
  size: 148572
  timestamp: 1745308037198
- conda: https://conda.anaconda.org/conda-forge/win-64/zlib-1.3.1-h2466b09_2.conda
  sha256: 8c688797ba23b9ab50cef404eca4d004a948941b6ee533ead0ff3bf52012528c
  md5: be60c4e8efa55fddc17b4131aa47acbd
  depends:
  - libzlib 1.3.1 h2466b09_2
  - ucrt >=10.0.20348.0
  - vc >=14.2,<15
  - vc14_runtime >=14.29.30139
  license: Zlib
  license_family: Other
  size: 107439
  timestamp: 1727963788936
- conda: https://conda.anaconda.org/conda-forge/win-64/zstd-1.5.7-hbeecb71_2.conda
  sha256: bc64864377d809b904e877a98d0584f43836c9f2ef27d3d2a1421fa6eae7ca04
  md5: 21f56217d6125fb30c3c3f10c786d751
  depends:
  - libzlib >=1.3.1,<2.0a0
  - ucrt >=10.0.20348.0
  - vc >=14.2,<15
  - vc14_runtime >=14.29.30139
  license: BSD-3-Clause
  license_family: BSD
  size: 354697
  timestamp: 1742433568506
