version: 6
environments:
  default:
    channels:
    - url: https://conda.anaconda.org/conda-forge/
    packages: {}
  oiio:
    channels:
    - url: https://conda.anaconda.org/conda-forge/
    packages:
      win-64:
      - conda: https://conda.anaconda.org/conda-forge/win-64/_libavif_api-1.3.0-h57928b3_2.conda
      - conda: https://conda.anaconda.org/conda-forge/win-64/aom-3.9.1-he0c23c2_0.conda
      - conda: https://conda.anaconda.org/conda-forge/win-64/bzip2-1.0.8-h0ad9c76_8.conda
      - conda: https://conda.anaconda.org/conda-forge/win-64/dav1d-1.2.1-hcfcfb64_0.conda
      - conda: https://conda.anaconda.org/conda-forge/win-64/fmt-11.2.0-h1d4551f_0.conda
      - conda: https://conda.anaconda.org/conda-forge/win-64/freeglut-3.2.2-he0c23c2_3.conda
      - conda: https://conda.anaconda.org/conda-forge/win-64/freetype-2.14.1-h57928b3_0.conda
      - conda: https://conda.anaconda.org/conda-forge/win-64/giflib-5.2.2-h64bf75a_0.conda
      - conda: https://conda.anaconda.org/conda-forge/win-64/icu-75.1-he0c23c2_0.conda
      - conda: https://conda.anaconda.org/conda-forge/win-64/imath-3.2.2-h1608b31_0.conda
      - conda: https://conda.anaconda.org/conda-forge/win-64/jasper-4.2.8-h8ad263b_0.conda
      - conda: https://conda.anaconda.org/conda-forge/win-64/lcms2-2.17-hbcf6048_0.conda
      - conda: https://conda.anaconda.org/conda-forge/win-64/lerc-4.0.0-h6470a55_1.conda
      - conda: https://conda.anaconda.org/conda-forge/win-64/libavif16-1.3.0-he916da2_2.conda
      - conda: https://conda.anaconda.org/conda-forge/win-64/libbrotlicommon-1.1.0-hfd05255_4.conda
      - conda: https://conda.anaconda.org/conda-forge/win-64/libbrotlidec-1.1.0-hfd05255_4.conda
      - conda: https://conda.anaconda.org/conda-forge/win-64/libbrotlienc-1.1.0-hfd05255_4.conda
      - conda: https://conda.anaconda.org/conda-forge/win-64/libde265-1.0.15-h91493d7_0.conda
      - conda: https://conda.anaconda.org/conda-forge/win-64/libdeflate-1.24-h76ddb4d_0.conda
      - conda: https://conda.anaconda.org/conda-forge/win-64/libfreetype-2.14.1-h57928b3_0.conda
      - conda: https://conda.anaconda.org/conda-forge/win-64/libfreetype6-2.14.1-hdbac1cb_0.conda
      - conda: https://conda.anaconda.org/conda-forge/win-64/libheif-1.19.7-gpl_h2684147_100.conda
      - conda: https://conda.anaconda.org/conda-forge/win-64/libhwloc-2.12.1-default_h64bd3f2_1002.conda
      - conda: https://conda.anaconda.org/conda-forge/win-64/libhwy-1.3.0-ha71e874_1.conda
      - conda: https://conda.anaconda.org/conda-forge/win-64/libiconv-1.18-hc1393d2_2.conda
      - conda: https://conda.anaconda.org/conda-forge/win-64/libjpeg-turbo-3.1.0-h2466b09_0.conda
      - conda: https://conda.anaconda.org/conda-forge/win-64/libjxl-0.11.1-hb7713f0_4.conda
      - conda: https://conda.anaconda.org/conda-forge/win-64/liblzma-5.8.1-h2466b09_2.conda
      - conda: https://conda.anaconda.org/conda-forge/win-64/libpng-1.6.50-h7351971_1.conda
      - conda: https://conda.anaconda.org/conda-forge/win-64/libraw-0.21.4-h866491b_0.conda
      - conda: https://conda.anaconda.org/conda-forge/win-64/libtiff-4.7.1-h550210a_0.conda
      - conda: https://conda.anaconda.org/conda-forge/win-64/libwebp-1.6.0-h4d5522a_0.conda
      - conda: https://conda.anaconda.org/conda-forge/win-64/libwebp-base-1.6.0-h4d5522a_0.conda
      - conda: https://conda.anaconda.org/conda-forge/win-64/libwinpthread-12.0.0.r4.gg4f2fc60ca-h57928b3_9.conda
      - conda: https://conda.anaconda.org/conda-forge/win-64/libxml2-16-2.15.0-h06f855e_1.conda
      - conda: https://conda.anaconda.org/conda-forge/win-64/libxml2-2.15.0-ha29bfb0_1.conda
      - conda: https://conda.anaconda.org/conda-forge/win-64/libzlib-1.3.1-h2466b09_2.conda
      - conda: https://conda.anaconda.org/conda-forge/win-64/openexr-3.4.2-h81acfdd_0.conda
      - conda: https://conda.anaconda.org/conda-forge/win-64/openjpeg-2.5.4-h24db6dd_0.conda
      - conda: https://conda.anaconda.org/conda-forge/win-64/openjph-0.24.1-hf13a347_0.conda
      - conda: https://conda.anaconda.org/conda-forge/win-64/rav1e-0.7.1-ha073cba_3.conda
      - conda: https://conda.anaconda.org/conda-forge/win-64/svt-av1-3.1.2-hac47afa_0.conda
      - conda: https://conda.anaconda.org/conda-forge/win-64/tbb-2022.2.0-h18a62a1_1.conda
      - conda: https://conda.anaconda.org/conda-forge/win-64/tbb-devel-2022.2.0-h4eb897c_1.conda
      - conda: https://conda.anaconda.org/conda-forge/win-64/ucrt-10.0.26100.0-h57928b3_0.conda
      - conda: https://conda.anaconda.org/conda-forge/win-64/vc-14.3-h41ae7f8_31.conda
      - conda: https://conda.anaconda.org/conda-forge/win-64/vc14_runtime-14.44.35208-h818238b_31.conda
      - conda: https://conda.anaconda.org/conda-forge/win-64/vcomp14-14.44.35208-h818238b_31.conda
      - conda: https://conda.anaconda.org/conda-forge/win-64/vs2015_runtime-14.44.35208-h38c0c73_31.conda
      - conda: https://conda.anaconda.org/conda-forge/win-64/x265-3.5-h2d74725_3.tar.bz2
      - conda: https://conda.anaconda.org/conda-forge/win-64/yaml-cpp-0.8.0-he0c23c2_0.conda
      - conda: https://conda.anaconda.org/conda-forge/win-64/zlib-1.3.1-h2466b09_2.conda
      - conda: https://conda.anaconda.org/conda-forge/win-64/zstd-1.5.7-hbeecb71_2.conda
packages:
- conda: https://conda.anaconda.org/conda-forge/win-64/_libavif_api-1.3.0-h57928b3_2.conda
  sha256: 472aa5e5a97a188c1f01e271a821b5a9dc871e93f7c58cfb7e89bdb6cd926d39
  md5: e31e1eda938360543cb29bd3ce8f0b73
  size: 9734
  timestamp: 1756125033129
- conda: https://conda.anaconda.org/conda-forge/win-64/aom-3.9.1-he0c23c2_0.conda
  sha256: 0524d0c0b61dacd0c22ac7a8067f977b1d52380210933b04141f5099c5b6fec7
  md5: 3d7c14285d3eb3239a76ff79063f27a5
  depends:
  - ucrt >=10.0.20348.0
  - vc >=14.2,<15
  - vc14_runtime >=14.29.30139
  license: BSD-2-Clause
  license_family: BSD
  size: 1958151
  timestamp: 1718551737234
- conda: https://conda.anaconda.org/conda-forge/win-64/bzip2-1.0.8-h0ad9c76_8.conda
  sha256: d882712855624641f48aa9dc3f5feea2ed6b4e6004585d3616386a18186fe692
  md5: 1077e9333c41ff0be8edd1a5ec0ddace
  depends:
  - ucrt >=10.0.20348.0
  - vc >=14.3,<15
  - vc14_runtime >=14.44.35208
  license: bzip2-1.0.6
  license_family: BSD
  size: 55977
  timestamp: 1757437738856
- conda: https://conda.anaconda.org/conda-forge/win-64/dav1d-1.2.1-hcfcfb64_0.conda
  sha256: 2aa2083c9c186da7d6f975ccfbef654ed54fff27f4bc321dbcd12cee932ec2c4
  md5: ed2c27bda330e3f0ab41577cf8b9b585
  depends:
  - ucrt >=10.0.20348.0
  - vc >=14.2,<15
  - vc14_runtime >=14.29.30139
  license: BSD-2-Clause
  license_family: BSD
  size: 618643
  timestamp: 1685696352968
- conda: https://conda.anaconda.org/conda-forge/win-64/fmt-11.2.0-h1d4551f_0.conda
  sha256: 890f2789e55b509ff1f14592a5b20a0d0ec19f6da463eff96e378a5d70f882da
  md5: 15b63c3fb5b7d67b1cb63553a33e6090
  depends:
  - ucrt >=10.0.20348.0
  - vc >=14.3,<15
  - vc14_runtime >=14.44.35208
  license: MIT
  license_family: MIT
  size: 185995
  timestamp: 1751277236879
- conda: https://conda.anaconda.org/conda-forge/win-64/freeglut-3.2.2-he0c23c2_3.conda
  sha256: 8b41913ed6c8c0dadda463a649bc16f45e88faa58553efc6830f4de1138c97f2
  md5: 5872031ef7cba8435ff24af056777473
  depends:
  - ucrt >=10.0.20348.0
  - vc >=14.2,<15
  - vc14_runtime >=14.29.30139
  license: MIT
  license_family: MIT
  size: 111956
  timestamp: 1719014753462
- conda: https://conda.anaconda.org/conda-forge/win-64/freetype-2.14.1-h57928b3_0.conda
  sha256: a9b3313edea0bf14ea6147ea43a1059d0bf78771a1336d2c8282891efc57709a
  md5: d69c21967f35eb2ce7f1f85d6b6022d3
  depends:
  - libfreetype 2.14.1 h57928b3_0
  - libfreetype6 2.14.1 hdbac1cb_0
  license: GPL-2.0-only OR FTL
  size: 184553
  timestamp: 1757946164012
- conda: https://conda.anaconda.org/conda-forge/win-64/giflib-5.2.2-h64bf75a_0.conda
  sha256: 85fa240e749a1a88a588b6895c53f253d990697749b3a7b1ed8bb92ebb3d64c8
  md5: 72f424715c78a04fd5b991ee5dca820f
  depends:
  - ucrt >=10.0.20348.0
  - vc >=14.2,<15
  - vc14_runtime >=14.29.30139
  license: MIT
  license_family: MIT
  size: 84497
  timestamp: 1712692952874
- conda: https://conda.anaconda.org/conda-forge/win-64/icu-75.1-he0c23c2_0.conda
  sha256: 1d04369a1860a1e9e371b9fc82dd0092b616adcf057d6c88371856669280e920
  md5: 8579b6bb8d18be7c0b27fb08adeeeb40
  depends:
  - ucrt >=10.0.20348.0
  - vc >=14.2,<15
  - vc14_runtime >=14.29.30139
  license: MIT
  license_family: MIT
  size: 14544252
  timestamp: 1720853966338
- conda: https://conda.anaconda.org/conda-forge/win-64/imath-3.2.2-h1608b31_0.conda
  sha256: 2aa57a5ed668ab34cc061b61082e3cee893d2e45ebc33f9432d13f7f292a990e
  md5: 297d73cfad37a288459cf18286bb0e1f
  depends:
  - libzlib >=1.3.1,<2.0a0
  - ucrt >=10.0.20348.0
  - vc >=14.3,<15
  - vc14_runtime >=14.44.35208
  license: BSD-3-Clause
  license_family: BSD
  size: 162099
  timestamp: 1759983547586
- conda: https://conda.anaconda.org/conda-forge/win-64/jasper-4.2.8-h8ad263b_0.conda
  sha256: 67a171de9975e583d1cd860d67e67552b28bd992ed6d0b6b8f3311ff0f7fb6cf
  md5: f25a27d9c58ef3a63173f372edef0639
  depends:
  - freeglut >=3.2.2,<4.0a0
  - libjpeg-turbo >=3.1.0,<4.0a0
  - ucrt >=10.0.20348.0
  - vc >=14.3,<15
  - vc14_runtime >=14.44.35208
  license: JasPer-2.0
  size: 447036
  timestamp: 1754514582523
- conda: https://conda.anaconda.org/conda-forge/win-64/lcms2-2.17-hbcf6048_0.conda
  sha256: 7712eab5f1a35ca3ea6db48ead49e0d6ac7f96f8560da8023e61b3dbe4f3b25d
  md5: 3538827f77b82a837fa681a4579e37a1
  depends:
  - libjpeg-turbo >=3.0.0,<4.0a0
  - libtiff >=4.7.0,<4.8.0a0
  - ucrt >=10.0.20348.0
  - vc >=14.2,<15
  - vc14_runtime >=14.29.30139
  license: MIT
  license_family: MIT
  size: 510641
  timestamp: 1739161381270
- conda: https://conda.anaconda.org/conda-forge/win-64/lerc-4.0.0-h6470a55_1.conda
  sha256: 868a3dff758cc676fa1286d3f36c3e0101cca56730f7be531ab84dc91ec58e9d
  md5: c1b81da6d29a14b542da14a36c9fbf3f
  depends:
  - ucrt >=10.0.20348.0
  - vc >=14.2,<15
  - vc14_runtime >=14.29.30139
  license: Apache-2.0
  license_family: Apache
  size: 164701
  timestamp: 1745264384716
- conda: https://conda.anaconda.org/conda-forge/win-64/libavif16-1.3.0-he916da2_2.conda
  sha256: dbb3f21282eccba6e4bd70c9db371e081bf09c55f1de7ca90f1106cc199d4a8b
  md5: 9782ce5bf5a3b41f29533c2c08f6b360
  depends:
  - _libavif_api >=1.3.0,<1.3.1.0a0
  - aom >=3.9.1,<3.10.0a0
  - dav1d >=1.2.1,<1.2.2.0a0
  - rav1e >=0.7.1,<0.8.0a0
  - svt-av1 >=3.1.2,<3.1.3.0a0
  - ucrt >=10.0.20348.0
  - vc >=14.3,<15
  - vc14_runtime >=14.44.35208
  license: BSD-2-Clause
  license_family: BSD
  size: 116744
  timestamp: 1756125168916
- conda: https://conda.anaconda.org/conda-forge/win-64/libbrotlicommon-1.1.0-hfd05255_4.conda
  sha256: 65d0aaf1176761291987f37c8481be132060cc3dbe44b1550797bc27d1a0c920
  md5: 58aec7a295039d8614175eae3a4f8778
  depends:
  - ucrt >=10.0.20348.0
  - vc >=14.3,<15
  - vc14_runtime >=14.44.35208
  license: MIT
  license_family: MIT
  size: 71243
  timestamp: 1756599708777
- conda: https://conda.anaconda.org/conda-forge/win-64/libbrotlidec-1.1.0-hfd05255_4.conda
  sha256: aa03aff197ed503e38145d0d0f17c30382ac1c6d697535db24c98c272ef57194
  md5: bf0ced5177fec8c18a7b51d568590b7c
  depends:
  - libbrotlicommon 1.1.0 hfd05255_4
  - ucrt >=10.0.20348.0
  - vc >=14.3,<15
  - vc14_runtime >=14.44.35208
  license: MIT
  license_family: MIT
  size: 33430
  timestamp: 1756599740173
- conda: https://conda.anaconda.org/conda-forge/win-64/libbrotlienc-1.1.0-hfd05255_4.conda
  sha256: a593cde3e728a1e0486a19537846380e3ce90ae9d6c22c1412466a49474eeeed
  md5: 37f4669f8ac2f04d826440a8f3f42300
  depends:
  - libbrotlicommon 1.1.0 hfd05255_4
  - ucrt >=10.0.20348.0
  - vc >=14.3,<15
  - vc14_runtime >=14.44.35208
  license: MIT
  license_family: MIT
  size: 245418
  timestamp: 1756599770744
- conda: https://conda.anaconda.org/conda-forge/win-64/libde265-1.0.15-h91493d7_0.conda
  sha256: f52c603151743486d2faec37e161c60731001d9c955e0f12ac9ad334c1119116
  md5: 9dc3c1fbc1c7bc6204e8a603f45e156b
  depends:
  - ucrt >=10.0.20348.0
  - vc >=14.2,<15
  - vc14_runtime >=14.29.30139
  license: LGPL-3.0-or-later
  license_family: LGPL
  size: 252968
  timestamp: 1703089151021
- conda: https://conda.anaconda.org/conda-forge/win-64/libdeflate-1.24-h76ddb4d_0.conda
  sha256: 65347475c0009078887ede77efe60db679ea06f2b56f7853b9310787fe5ad035
  md5: 08d988e266c6ae77e03d164b83786dc4
  depends:
  - ucrt >=10.0.20348.0
  - vc >=14.2,<15
  - vc14_runtime >=14.29.30139
  license: MIT
  license_family: MIT
  size: 156292
  timestamp: 1747040812624
- conda: https://conda.anaconda.org/conda-forge/win-64/libfreetype-2.14.1-h57928b3_0.conda
  sha256: 2029702ec55e968ce18ec38cc8cf29f4c8c4989a0d51797164dab4f794349a64
  md5: 3235024fe48d4087721797ebd6c9d28c
  depends:
  - libfreetype6 >=2.14.1
  license: GPL-2.0-only OR FTL
  size: 8109
  timestamp: 1757946135015
- conda: https://conda.anaconda.org/conda-forge/win-64/libfreetype6-2.14.1-hdbac1cb_0.conda
  sha256: 223710600b1a5567163f7d66545817f2f144e4ef8f84e99e90f6b8a4e19cb7ad
  md5: 6e7c5c5ab485057b5d07fd8188ba5c28
  depends:
  - libpng >=1.6.50,<1.7.0a0
  - libzlib >=1.3.1,<2.0a0
  - ucrt >=10.0.20348.0
  - vc >=14.3,<15
  - vc14_runtime >=14.44.35208
  constrains:
  - freetype >=2.14.1
  license: GPL-2.0-only OR FTL
  size: 340264
  timestamp: 1757946133889
- conda: https://conda.anaconda.org/conda-forge/win-64/libheif-1.19.7-gpl_h2684147_100.conda
  sha256: 55965154b428c22cf0fcf1bd53844c1c4c59f0301ece36782b082a92a51e52af
  md5: d7a6c3df36c3281b38164ce518d45528
  depends:
  - aom >=3.9.1,<3.10.0a0
  - dav1d >=1.2.1,<1.2.2.0a0
  - libavif16 >=1.2.0,<2.0a0
  - libde265 >=1.0.15,<1.0.16.0a0
  - ucrt >=10.0.20348.0
  - vc >=14.2,<15
  - vc14_runtime >=14.29.30139
  - x265 >=3.5,<3.6.0a0
  license: LGPL-3.0-or-later
  license_family: LGPL
  size: 391084
  timestamp: 1741307167944
- conda: https://conda.anaconda.org/conda-forge/win-64/libhwloc-2.12.1-default_h64bd3f2_1002.conda
  sha256: 266dfe151066c34695dbdc824ba1246b99f016115ef79339cbcf005ac50527c1
  md5: b0cac6e5b06ca5eeb14b4f7cf908619f
  depends:
  - libwinpthread >=12.0.0.r4.gg4f2fc60ca
  - libxml2
  - libxml2-16 >=2.14.6
  - ucrt >=10.0.20348.0
  - vc >=14.3,<15
  - vc14_runtime >=14.44.35208
  license: BSD-3-Clause
  license_family: BSD
  size: 2414731
  timestamp: 1757624335056
- conda: https://conda.anaconda.org/conda-forge/win-64/libhwy-1.3.0-ha71e874_1.conda
  sha256: c722a04f065656b988a46dee87303ff0bf037179c50e2e76704b693def7f9a96
  md5: f4649d4b6bf40d616eda57d6255d2333
  depends:
  - ucrt >=10.0.20348.0
  - vc >=14.3,<15
  - vc14_runtime >=14.44.35208
  license: Apache-2.0 OR BSD-3-Clause
  size: 536186
  timestamp: 1758894243956
- conda: https://conda.anaconda.org/conda-forge/win-64/libiconv-1.18-hc1393d2_2.conda
  sha256: 0dcdb1a5f01863ac4e8ba006a8b0dc1a02d2221ec3319b5915a1863254d7efa7
  md5: 64571d1dd6cdcfa25d0664a5950fdaa2
  depends:
  - ucrt >=10.0.20348.0
  - vc >=14.3,<15
  - vc14_runtime >=14.44.35208
  license: LGPL-2.1-only
  size: 696926
  timestamp: 1754909290005
- conda: https://conda.anaconda.org/conda-forge/win-64/libjpeg-turbo-3.1.0-h2466b09_0.conda
  sha256: e61b0adef3028b51251124e43eb6edf724c67c0f6736f1628b02511480ac354e
  md5: 7c51d27540389de84852daa1cdb9c63c
  depends:
  - ucrt >=10.0.20348.0
  - vc >=14.2,<15
  - vc14_runtime >=14.29.30139
  constrains:
  - jpeg <0.0.0a
  license: IJG AND BSD-3-Clause AND Zlib
  size: 838154
  timestamp: 1745268437136
- conda: https://conda.anaconda.org/conda-forge/win-64/libjxl-0.11.1-hb7713f0_4.conda
  sha256: 019de576f4eb0ca78ba2466514f4f84b83e222d9be83ea920f6c0f3ae260b71a
  md5: f0584648fbaf89d1cef77d94bc838d3a
  depends:
  - libbrotlidec >=1.1.0,<1.2.0a0
  - libbrotlienc >=1.1.0,<1.2.0a0
  - libhwy >=1.3.0,<1.4.0a0
  - ucrt >=10.0.20348.0
  - vc >=14.3,<15
  - vc14_runtime >=14.44.35208
  license: BSD-3-Clause
  license_family: BSD
  size: 1091608
  timestamp: 1757584385770
- conda: https://conda.anaconda.org/conda-forge/win-64/liblzma-5.8.1-h2466b09_2.conda
  sha256: 55764956eb9179b98de7cc0e55696f2eff8f7b83fc3ebff5e696ca358bca28cc
  md5: c15148b2e18da456f5108ccb5e411446
  depends:
  - ucrt >=10.0.20348.0
  - vc >=14.2,<15
  - vc14_runtime >=14.29.30139
  constrains:
  - xz 5.8.1.*
  license: 0BSD
  size: 104935
  timestamp: 1749230611612
- conda: https://conda.anaconda.org/conda-forge/win-64/libpng-1.6.50-h7351971_1.conda
  sha256: e84b041f91c94841cb9b97952ab7f058d001d4a15ed4ce226ec5fdb267cc0fa5
  md5: 3ae6e9f5c47c495ebeed95651518be61
  depends:
  - vc >=14.3,<15
  - vc14_runtime >=14.44.35208
  - ucrt >=10.0.20348.0
  - vc >=14.3,<15
  - vc14_runtime >=14.44.35208
  - ucrt >=10.0.20348.0
  - libzlib >=1.3.1,<2.0a0
  license: zlib-acknowledgement
  size: 382709
  timestamp: 1753879944850
- conda: https://conda.anaconda.org/conda-forge/win-64/libraw-0.21.4-h866491b_0.conda
  sha256: db2cd8a48e5d329eb6a324063daa63eced3761ea42badaed5c685f468695fbd3
  md5: e5d4bf6388c45045a73d5e58e1364769
  depends:
  - vc >=14.2,<15
  - vc14_runtime >=14.29.30139
  - ucrt >=10.0.20348.0
  - vc >=14.2,<15
  - vc14_runtime >=14.29.30139
  - ucrt >=10.0.20348.0
  - libjpeg-turbo >=3.0.0,<4.0a0
  - libzlib >=1.3.1,<2.0a0
  - lcms2 >=2.17,<3.0a0
  - jasper >=4.2.5,<5.0a0
  license: LGPL-2.1-only
  size: 536650
  timestamp: 1744641254166
- conda: https://conda.anaconda.org/conda-forge/win-64/libtiff-4.7.1-h550210a_0.conda
  sha256: d6cac6596ded0d5bbbc4198d7eb4db88da8c00236ebf5e2c8ad333ccde8965e2
  md5: e23f29747d9d2aa2a39b594c114fac67
  depends:
  - lerc >=4.0.0,<5.0a0
  - libdeflate >=1.24,<1.25.0a0
  - libjpeg-turbo >=3.1.0,<4.0a0
  - liblzma >=5.8.1,<6.0a0
  - libzlib >=1.3.1,<2.0a0
  - ucrt >=10.0.20348.0
  - vc >=14.3,<15
  - vc14_runtime >=14.44.35208
  - zstd >=1.5.7,<1.6.0a0
  license: HPND
  size: 992060
  timestamp: 1758278535260
- conda: https://conda.anaconda.org/conda-forge/win-64/libwebp-1.6.0-h4d5522a_0.conda
  sha256: 9442e93a6e51bdfdeb1e3f90889f7ddea4e1127ceda5b19e97c0ad7c0aede5ca
  md5: 151aee0a97a0234a289c781e2e48ce9a
  depends:
  - libwebp-base 1.6.0.*
  - libwebp-base >=1.6.0,<2.0a0
  - ucrt >=10.0.20348.0
  - vc >=14.3,<15
  - vc14_runtime >=14.44.35208
  license: BSD-3-Clause
  license_family: BSD
  size: 72249
  timestamp: 1752167597373
- conda: https://conda.anaconda.org/conda-forge/win-64/libwebp-base-1.6.0-h4d5522a_0.conda
  sha256: 7b6316abfea1007e100922760e9b8c820d6fc19df3f42fb5aca684cfacb31843
  md5: f9bbae5e2537e3b06e0f7310ba76c893
  depends:
  - ucrt >=10.0.20348.0
  - vc >=14.3,<15
  - vc14_runtime >=14.44.35208
  constrains:
  - libwebp 1.6.0
  license: BSD-3-Clause
  license_family: BSD
  size: 279176
  timestamp: 1752159543911
- conda: https://conda.anaconda.org/conda-forge/win-64/libwinpthread-12.0.0.r4.gg4f2fc60ca-h57928b3_9.conda
  sha256: 373f2973b8a358528b22be5e8d84322c165b4c5577d24d94fd67ad1bb0a0f261
  md5: 08bfa5da6e242025304b206d152479ef
  depends:
  - ucrt
  constrains:
  - pthreads-win32 <0.0a0
  - msys2-conda-epoch <0.0a0
  license: MIT AND BSD-3-Clause-Clear
  size: 35794
  timestamp: 1737099561703
- conda: https://conda.anaconda.org/conda-forge/win-64/libxml2-2.15.0-ha29bfb0_1.conda
  sha256: 8890c03908a407649ac99257b63176b61d10dfa3468aa3db1994ac0973dc2803
  md5: 1d6e5fbbe84eebcd62e7cdccec799ce8
  depends:
  - icu >=75.1,<76.0a0
  - libiconv >=1.18,<2.0a0
  - liblzma >=5.8.1,<6.0a0
  - libxml2-16 2.15.0 h06f855e_1
  - libzlib >=1.3.1,<2.0a0
  - ucrt >=10.0.20348.0
  - vc >=14.3,<15
  - vc14_runtime >=14.44.35208
  license: MIT
  license_family: MIT
  size: 43274
  timestamp: 1758641414853
- conda: https://conda.anaconda.org/conda-forge/win-64/libxml2-16-2.15.0-h06f855e_1.conda
  sha256: f29159eef5af2adffe2fef2d89ff2f6feda07e194883f47a4cf366e9608fb91b
  md5: a5d1a1f8745fcd93f39a4b80f389962f
  depends:
  - icu >=75.1,<76.0a0
  - libiconv >=1.18,<2.0a0
  - liblzma >=5.8.1,<6.0a0
  - libzlib >=1.3.1,<2.0a0
  - ucrt >=10.0.20348.0
  - vc >=14.3,<15
  - vc14_runtime >=14.44.35208
  constrains:
  - libxml2 2.15.0
  license: MIT
  license_family: MIT
  size: 518883
  timestamp: 1758641386772
- conda: https://conda.anaconda.org/conda-forge/win-64/libzlib-1.3.1-h2466b09_2.conda
  sha256: ba945c6493449bed0e6e29883c4943817f7c79cbff52b83360f7b341277c6402
  md5: 41fbfac52c601159df6c01f875de31b9
  depends:
  - ucrt >=10.0.20348.0
  - vc >=14.2,<15
  - vc14_runtime >=14.29.30139
  constrains:
  - zlib 1.3.1 *_2
  license: Zlib
  license_family: Other
  size: 55476
  timestamp: 1727963768015
- conda: https://conda.anaconda.org/conda-forge/win-64/openexr-3.4.2-h81acfdd_0.conda
  sha256: 6758eecb33f97ffd81fc601de617b39ae4842c80cf50b9ac40a67e6c7c569605
  md5: c1d179c539cab60761d27848b3ecc6ee
  depends:
  - vc >=14.3,<15
  - vc14_runtime >=14.44.35208
  - ucrt >=10.0.20348.0
  - vc >=14.3,<15
  - vc14_runtime >=14.44.35208
  - ucrt >=10.0.20348.0
  - libzlib >=1.3.1,<2.0a0
  - imath >=3.2.2,<3.2.3.0a0
  - libdeflate >=1.24,<1.25.0a0
  - openjph >=0.24.1,<0.25.0a0
  license: BSD-3-Clause
  license_family: BSD
  size: 1072467
  timestamp: 1760716829860
- conda: https://conda.anaconda.org/conda-forge/win-64/openjpeg-2.5.4-h24db6dd_0.conda
  sha256: 226c270a7e3644448954c47959c00a9bf7845f6d600c2a643db187118d028eee
  md5: 5af852046226bb3cb15c7f61c2ac020a
  depends:
  - libpng >=1.6.50,<1.7.0a0
  - libtiff >=4.7.1,<4.8.0a0
  - libzlib >=1.3.1,<2.0a0
  - ucrt >=10.0.20348.0
  - vc >=14.3,<15
  - vc14_runtime >=14.44.35208
  license: BSD-2-Clause
  license_family: BSD
  size: 244860
  timestamp: 1758489556249
- conda: https://conda.anaconda.org/conda-forge/win-64/openjph-0.24.1-hf13a347_0.conda
  sha256: cebde223e061ab9ceac41433a2c7093dc8d4a0ec2e300a5f79674e26af13ce9c
  md5: 3f123b076ba775d4c094bf5d7d81093c
  depends:
  - vc >=14.3,<15
  - vc14_runtime >=14.44.35208
  - ucrt >=10.0.20348.0
  - vc >=14.3,<15
  - vc14_runtime >=14.44.35208
  - ucrt >=10.0.20348.0
  - libtiff >=4.7.1,<4.8.0a0
  license: BSD-2-Clause
  license_family: BSD
  size: 214627
  timestamp: 1758712771675
- conda: https://conda.anaconda.org/conda-forge/win-64/rav1e-0.7.1-ha073cba_3.conda
  sha256: d19a58b882a0387c7c8efbfce4e67a0df4b19d8da6cf6cec3011b6079e5bc743
  md5: 3bd3626822633688691ed41d661c2b2e
  depends:
  - ucrt >=10.0.20348.0
  - vc >=14.2,<15
  - vc14_runtime >=14.29.30139
  license: BSD-2-Clause
  license_family: BSD
  size: 4122383
  timestamp: 1746622805379
- conda: https://conda.anaconda.org/conda-forge/win-64/svt-av1-3.1.2-hac47afa_0.conda
  sha256: 444c94a9c1fcb2cdf78b260472451990257733bcf89ed80c73db36b5047d3134
  md5: 91866412570c922f55178855deb0f952
  depends:
  - ucrt >=10.0.20348.0
  - vc >=14.3,<15
  - vc14_runtime >=14.44.35208
  license: BSD-2-Clause
  license_family: BSD
  size: 1862756
  timestamp: 1756086862067
- conda: https://conda.anaconda.org/conda-forge/win-64/tbb-2022.2.0-h18a62a1_1.conda
  sha256: 109fda9fdc27b298431ae9e9e7cfa29c4f5e892041b17f8beaa170bc80c6ddc1
  md5: 249b85df4b7a410126acdc99c112be60
  depends:
  - libhwloc >=2.12.1,<2.12.2.0a0
  - ucrt >=10.0.20348.0
  - vc >=14.3,<15
  - vc14_runtime >=14.44.35208
  license: Apache-2.0
  license_family: APACHE
  size: 155440
  timestamp: 1755776663132
- conda: https://conda.anaconda.org/conda-forge/win-64/tbb-devel-2022.2.0-h4eb897c_1.conda
  sha256: 5c10d211794528917c6163622c43c093c7dc78e9b4ebd3a43d324fa3019cdd79
  md5: 817781bb0db02d52cd72cee71fcde55b
  depends:
  - tbb 2022.2.0 h18a62a1_1
  - ucrt >=10.0.20348.0
  - vc >=14.3,<15
  - vc14_runtime >=14.44.35208
  size: 1099328
  timestamp: 1755776721942
- conda: https://conda.anaconda.org/conda-forge/win-64/ucrt-10.0.26100.0-h57928b3_0.conda
  sha256: 3005729dce6f3d3f5ec91dfc49fc75a0095f9cd23bab49efb899657297ac91a5
  md5: 71b24316859acd00bdb8b38f5e2ce328
  constrains:
  - vc14_runtime >=14.29.30037
  - vs2015_runtime >=14.29.30037
  license: LicenseRef-MicrosoftWindowsSDK10
  size: 694692
  timestamp: 1756385147981
- conda: https://conda.anaconda.org/conda-forge/win-64/vc-14.3-h41ae7f8_31.conda
  sha256: cb357591d069a1e6cb74199a8a43a7e3611f72a6caed9faa49dbb3d7a0a98e0b
  md5: 28f4ca1e0337d0f27afb8602663c5723
  depends:
  - vc14_runtime >=14.44.35208
  track_features:
  - vc14
  license: BSD-3-Clause
  license_family: BSD
  size: 18249
  timestamp: 1753739241465
- conda: https://conda.anaconda.org/conda-forge/win-64/vc14_runtime-14.44.35208-h818238b_31.conda
  sha256: af4b4b354b87a9a8d05b8064ff1ea0b47083274f7c30b4eb96bc2312c9b5f08f
  md5: 603e41da40a765fd47995faa021da946
  depends:
  - ucrt >=10.0.20348.0
  - vcomp14 14.44.35208 h818238b_31
  constrains:
  - vs2015_runtime 14.44.35208.* *_31
  license: LicenseRef-MicrosoftVisualCpp2015-2022Runtime
  license_family: Proprietary
  size: 682424
  timestamp: 1753739239305
- conda: https://conda.anaconda.org/conda-forge/win-64/vcomp14-14.44.35208-h818238b_31.conda
  sha256: 67b317b64f47635415776718d25170a9a6f9a1218c0f5a6202bfd687e07b6ea4
  md5: a6b1d5c1fc3cb89f88f7179ee6a9afe3
  depends:
  - ucrt >=10.0.20348.0
  constrains:
  - vs2015_runtime 14.44.35208.* *_31
  license: LicenseRef-MicrosoftVisualCpp2015-2022Runtime
  license_family: Proprietary
  size: 113963
  timestamp: 1753739198723
- conda: https://conda.anaconda.org/conda-forge/win-64/vs2015_runtime-14.44.35208-h38c0c73_31.conda
  sha256: 8b20152d00e1153ccb1ed377a160110482f286a6d85a82b57ffcd60517d523a7
  md5: d75abcfbc522ccd98082a8c603fce34c
  depends:
  - vc14_runtime >=14.44.35208
  license: BSD-3-Clause
  license_family: BSD
  size: 18249
  timestamp: 1753739241918
- conda: https://conda.anaconda.org/conda-forge/win-64/x265-3.5-h2d74725_3.tar.bz2
  sha256: 02b9874049112f2b7335c9a3e880ac05d99a08d9a98160c5a98898b2b3ac42b2
  md5: ca7129a334198f08347fb19ac98a2de9
  depends:
  - vc >=14.1,<15
  - vs2015_runtime >=14.16.27033
  license: GPL-2.0-or-later
  license_family: GPL
  size: 5517425
  timestamp: 1646611941216
- conda: https://conda.anaconda.org/conda-forge/win-64/yaml-cpp-0.8.0-he0c23c2_0.conda
  sha256: 031642d753e0ebd666a76cea399497cc7048ff363edf7d76a630ee0a19e341da
  md5: 9bb5064a9fca5ca8e7d7f1ae677354b6
  depends:
  - vc >=14.2,<15
  - vc14_runtime >=14.29.30139
  - ucrt >=10.0.20348.0
  - vc >=14.2,<15
  - vc14_runtime >=14.29.30139
  - ucrt >=10.0.20348.0
  license: MIT
  license_family: MIT
  size: 148572
  timestamp: 1745308037198
- conda: https://conda.anaconda.org/conda-forge/win-64/zlib-1.3.1-h2466b09_2.conda
  sha256: 8c688797ba23b9ab50cef404eca4d004a948941b6ee533ead0ff3bf52012528c
  md5: be60c4e8efa55fddc17b4131aa47acbd
  depends:
  - libzlib 1.3.1 h2466b09_2
  - ucrt >=10.0.20348.0
  - vc >=14.2,<15
  - vc14_runtime >=14.29.30139
  license: Zlib
  license_family: Other
  size: 107439
  timestamp: 1727963788936
- conda: https://conda.anaconda.org/conda-forge/win-64/zstd-1.5.7-hbeecb71_2.conda
  sha256: bc64864377d809b904e877a98d0584f43836c9f2ef27d3d2a1421fa6eae7ca04
  md5: 21f56217d6125fb30c3c3f10c786d751
  depends:
  - libzlib >=1.3.1,<2.0a0
  - ucrt >=10.0.20348.0
  - vc >=14.2,<15
  - vc14_runtime >=14.29.30139
  license: BSD-3-Clause
  license_family: BSD
  size: 354697
  timestamp: 1742433568506
